{
  "name": "md-links",
  "version": "0.1.0",
  "lockfileVersion": 2,
  "requires": true,
  "packages": {
    "": {
      "name": "md-links",
      "version": "0.1.0",
      "dependencies": {
        "markdown-link-extractor": "^2.0.1"
      },
      "engines": {
        "node": ">=14.x"
      }
    },
    "node_modules/markdown-link-extractor": {
      "version": "2.0.1",
      "resolved": "https://registry.npmjs.org/markdown-link-extractor/-/markdown-link-extractor-2.0.1.tgz",
      "integrity": "sha512-Qy5AcoW7CDfIAB3I6cz2QFGHoLQYSH15lmfEqRgPvC/DEEMhb/EK0yeXmpIk+GSuJveYxLvkpXVFEZhgvubxTw==",
      "dependencies": {
        "marked": "^4.0.12"
      }
    },
    "node_modules/marked": {
      "version": "4.0.15",
      "resolved": "https://registry.npmjs.org/marked/-/marked-4.0.15.tgz",
      "integrity": "sha512-esX5lPdTfG4p8LDkv+obbRCyOKzB+820ZZyMOXJZygZBHrH9b3xXR64X4kT3sPe9Nx8qQXbmcz6kFSMt4Nfk6Q==",
      "bin": {
        "marked": "bin/marked.js"
      },
      "engines": {
        "node": ">= 12"
      }
    }
  },
  "dependencies": {
    "markdown-link-extractor": {
      "version": "2.0.1",
      "resolved": "https://registry.npmjs.org/markdown-link-extractor/-/markdown-link-extractor-2.0.1.tgz",
      "integrity": "sha512-Qy5AcoW7CDfIAB3I6cz2QFGHoLQYSH15lmfEqRgPvC/DEEMhb/EK0yeXmpIk+GSuJveYxLvkpXVFEZhgvubxTw==",
      "requires": {
        "marked": "^4.0.12"
      }
    },
    "marked": {
      "version": "4.0.15",
      "resolved": "https://registry.npmjs.org/marked/-/marked-4.0.15.tgz",
      "integrity": "sha512-esX5lPdTfG4p8LDkv+obbRCyOKzB+820ZZyMOXJZygZBHrH9b3xXR64X4kT3sPe9Nx8qQXbmcz6kFSMt4Nfk6Q=="
    }
  }
}
